// !$*UTF8*$!
{
	archiveVersion = 1;
	classes = {
	};
	objectVersion = 46;
	objects = {

/* Begin PBXBuildFile section */
		242B060762E3242443EE6E6A /* Pods_PlanCTests.framework in Frameworks */ = {isa = PBXBuildFile; fileRef = 6B8872DFDEB38619211D4962 /* Pods_PlanCTests.framework */; };
		34CCA0E8D9AB94F4C1AD12E2 /* Pods_PlanC.framework in Frameworks */ = {isa = PBXBuildFile; fileRef = 04321CAD758595F18DF2924E /* Pods_PlanC.framework */; };
		6D192F7F1DFE03B100C433F4 /* Address.swift in Sources */ = {isa = PBXBuildFile; fileRef = 6D192F7E1DFE03B100C433F4 /* Address.swift */; };
		6D192F811DFE22E700C433F4 /* Payment.swift in Sources */ = {isa = PBXBuildFile; fileRef = 6D192F801DFE22E700C433F4 /* Payment.swift */; };
		6DCBF97B1DF7ABFB00C8578A /* User.swift in Sources */ = {isa = PBXBuildFile; fileRef = 6DCBF97A1DF7ABFB00C8578A /* User.swift */; };
		9D3A71101DF37F0600750538 /* GoogleService-Info.plist in Resources */ = {isa = PBXBuildFile; fileRef = 9D3A710F1DF37F0600750538 /* GoogleService-Info.plist */; };
		9D7504521DEE630C000F03CF /* AppDelegate.swift in Sources */ = {isa = PBXBuildFile; fileRef = 9D7504511DEE630C000F03CF /* AppDelegate.swift */; };
		9D7504571DEE630C000F03CF /* Main.storyboard in Resources */ = {isa = PBXBuildFile; fileRef = 9D7504551DEE630C000F03CF /* Main.storyboard */; };
		9D7504591DEE630C000F03CF /* Assets.xcassets in Resources */ = {isa = PBXBuildFile; fileRef = 9D7504581DEE630C000F03CF /* Assets.xcassets */; };
		9D75045C1DEE630C000F03CF /* LaunchScreen.storyboard in Resources */ = {isa = PBXBuildFile; fileRef = 9D75045A1DEE630C000F03CF /* LaunchScreen.storyboard */; };
		9D7504671DEE630C000F03CF /* PlanCTests.swift in Sources */ = {isa = PBXBuildFile; fileRef = 9D7504661DEE630C000F03CF /* PlanCTests.swift */; };
		9D7504721DEE630C000F03CF /* PlanCUITests.swift in Sources */ = {isa = PBXBuildFile; fileRef = 9D7504711DEE630C000F03CF /* PlanCUITests.swift */; };
		9D7504801DEE757C000F03CF /* LogInViewController.swift in Sources */ = {isa = PBXBuildFile; fileRef = 9D75047F1DEE757C000F03CF /* LogInViewController.swift */; };
		9D7504821DEE7592000F03CF /* SignUpViewController.swift in Sources */ = {isa = PBXBuildFile; fileRef = 9D7504811DEE7592000F03CF /* SignUpViewController.swift */; };
		9D7504841DEE759F000F03CF /* ProfileViewController.swift in Sources */ = {isa = PBXBuildFile; fileRef = 9D7504831DEE759F000F03CF /* ProfileViewController.swift */; };
		9D7504861DEE75AF000F03CF /* AddAddressViewController.swift in Sources */ = {isa = PBXBuildFile; fileRef = 9D7504851DEE75AF000F03CF /* AddAddressViewController.swift */; };
		9D7504881DEE75BA000F03CF /* AddPaymentViewController.swift in Sources */ = {isa = PBXBuildFile; fileRef = 9D7504871DEE75BA000F03CF /* AddPaymentViewController.swift */; };
		9D75048A1DEE75C7000F03CF /* ProductPageViewController.swift in Sources */ = {isa = PBXBuildFile; fileRef = 9D7504891DEE75C7000F03CF /* ProductPageViewController.swift */; };
		9D75048C1DEE75D0000F03CF /* MapViewController.swift in Sources */ = {isa = PBXBuildFile; fileRef = 9D75048B1DEE75D0000F03CF /* MapViewController.swift */; };
		9D75048E1DEE75DC000F03CF /* OrderSubmitViewController.swift in Sources */ = {isa = PBXBuildFile; fileRef = 9D75048D1DEE75DC000F03CF /* OrderSubmitViewController.swift */; };
		9DDF087B1DFF8D62003D5141 /* AdminTableViewController.swift in Sources */ = {isa = PBXBuildFile; fileRef = 9DDF087A1DFF8D62003D5141 /* AdminTableViewController.swift */; };
		9DDF087D1DFF8D79003D5141 /* AdminTableViewCell.swift in Sources */ = {isa = PBXBuildFile; fileRef = 9DDF087C1DFF8D79003D5141 /* AdminTableViewCell.swift */; };
		9DDF087F1DFF8EFB003D5141 /* AdminViewController.swift in Sources */ = {isa = PBXBuildFile; fileRef = 9DDF087E1DFF8EFB003D5141 /* AdminViewController.swift */; };
		A03E6049463F039762228688 /* Pods_PlanCUITests.framework in Frameworks */ = {isa = PBXBuildFile; fileRef = 8621C6A5CB051C8502DC2529 /* Pods_PlanCUITests.framework */; };
		A3082AA81DFE061E0027E5B0 /* Order.swift in Sources */ = {isa = PBXBuildFile; fileRef = A3082AA71DFE061E0027E5B0 /* Order.swift */; };
		A3B0D7021DFA398C00651475 /* Inventory.swift in Sources */ = {isa = PBXBuildFile; fileRef = A3B0D7011DFA398C00651475 /* Inventory.swift */; };
/* End PBXBuildFile section */

/* Begin PBXContainerItemProxy section */
		9D7504631DEE630C000F03CF /* PBXContainerItemProxy */ = {
			isa = PBXContainerItemProxy;
			containerPortal = 9D7504461DEE630B000F03CF /* Project object */;
			proxyType = 1;
			remoteGlobalIDString = 9D75044D1DEE630B000F03CF;
			remoteInfo = PlanC;
		};
		9D75046E1DEE630C000F03CF /* PBXContainerItemProxy */ = {
			isa = PBXContainerItemProxy;
			containerPortal = 9D7504461DEE630B000F03CF /* Project object */;
			proxyType = 1;
			remoteGlobalIDString = 9D75044D1DEE630B000F03CF;
			remoteInfo = PlanC;
		};
/* End PBXContainerItemProxy section */

/* Begin PBXFileReference section */
		04321CAD758595F18DF2924E /* Pods_PlanC.framework */ = {isa = PBXFileReference; explicitFileType = wrapper.framework; includeInIndex = 0; path = Pods_PlanC.framework; sourceTree = BUILT_PRODUCTS_DIR; };
		11C72E30C1D4CB1ED9198896 /* Pods-PlanCUITests.release.xcconfig */ = {isa = PBXFileReference; includeInIndex = 1; lastKnownFileType = text.xcconfig; name = "Pods-PlanCUITests.release.xcconfig"; path = "Pods/Target Support Files/Pods-PlanCUITests/Pods-PlanCUITests.release.xcconfig"; sourceTree = "<group>"; };
		12D4F54F038C613DE6844CFF /* Pods-PlanCTests.release.xcconfig */ = {isa = PBXFileReference; includeInIndex = 1; lastKnownFileType = text.xcconfig; name = "Pods-PlanCTests.release.xcconfig"; path = "Pods/Target Support Files/Pods-PlanCTests/Pods-PlanCTests.release.xcconfig"; sourceTree = "<group>"; };
		3D9358002648B6824AF177F0 /* Pods-PlanC.release.xcconfig */ = {isa = PBXFileReference; includeInIndex = 1; lastKnownFileType = text.xcconfig; name = "Pods-PlanC.release.xcconfig"; path = "Pods/Target Support Files/Pods-PlanC/Pods-PlanC.release.xcconfig"; sourceTree = "<group>"; };
		549AEFD96F3931CBBAC86FD2 /* Pods-PlanCUITests.debug.xcconfig */ = {isa = PBXFileReference; includeInIndex = 1; lastKnownFileType = text.xcconfig; name = "Pods-PlanCUITests.debug.xcconfig"; path = "Pods/Target Support Files/Pods-PlanCUITests/Pods-PlanCUITests.debug.xcconfig"; sourceTree = "<group>"; };
		6B8872DFDEB38619211D4962 /* Pods_PlanCTests.framework */ = {isa = PBXFileReference; explicitFileType = wrapper.framework; includeInIndex = 0; path = Pods_PlanCTests.framework; sourceTree = BUILT_PRODUCTS_DIR; };
		6D192F7E1DFE03B100C433F4 /* Address.swift */ = {isa = PBXFileReference; fileEncoding = 4; lastKnownFileType = sourcecode.swift; path = Address.swift; sourceTree = "<group>"; };
		6D192F801DFE22E700C433F4 /* Payment.swift */ = {isa = PBXFileReference; fileEncoding = 4; lastKnownFileType = sourcecode.swift; path = Payment.swift; sourceTree = "<group>"; };
		6DCBF97A1DF7ABFB00C8578A /* User.swift */ = {isa = PBXFileReference; fileEncoding = 4; lastKnownFileType = sourcecode.swift; path = User.swift; sourceTree = "<group>"; };
		8621C6A5CB051C8502DC2529 /* Pods_PlanCUITests.framework */ = {isa = PBXFileReference; explicitFileType = wrapper.framework; includeInIndex = 0; path = Pods_PlanCUITests.framework; sourceTree = BUILT_PRODUCTS_DIR; };
		9D3A710F1DF37F0600750538 /* GoogleService-Info.plist */ = {isa = PBXFileReference; fileEncoding = 4; lastKnownFileType = text.plist.xml; path = "GoogleService-Info.plist"; sourceTree = SOURCE_ROOT; };
		9D75044E1DEE630C000F03CF /* PlanC.app */ = {isa = PBXFileReference; explicitFileType = wrapper.application; includeInIndex = 0; path = PlanC.app; sourceTree = BUILT_PRODUCTS_DIR; };
		9D7504511DEE630C000F03CF /* AppDelegate.swift */ = {isa = PBXFileReference; lastKnownFileType = sourcecode.swift; path = AppDelegate.swift; sourceTree = "<group>"; };
		9D7504561DEE630C000F03CF /* Base */ = {isa = PBXFileReference; lastKnownFileType = file.storyboard; name = Base; path = Base.lproj/Main.storyboard; sourceTree = "<group>"; };
		9D7504581DEE630C000F03CF /* Assets.xcassets */ = {isa = PBXFileReference; lastKnownFileType = folder.assetcatalog; path = Assets.xcassets; sourceTree = "<group>"; };
		9D75045B1DEE630C000F03CF /* Base */ = {isa = PBXFileReference; lastKnownFileType = file.storyboard; name = Base; path = Base.lproj/LaunchScreen.storyboard; sourceTree = "<group>"; };
		9D75045D1DEE630C000F03CF /* Info.plist */ = {isa = PBXFileReference; lastKnownFileType = text.plist.xml; path = Info.plist; sourceTree = "<group>"; };
		9D7504621DEE630C000F03CF /* PlanCTests.xctest */ = {isa = PBXFileReference; explicitFileType = wrapper.cfbundle; includeInIndex = 0; path = PlanCTests.xctest; sourceTree = BUILT_PRODUCTS_DIR; };
		9D7504661DEE630C000F03CF /* PlanCTests.swift */ = {isa = PBXFileReference; lastKnownFileType = sourcecode.swift; path = PlanCTests.swift; sourceTree = "<group>"; };
		9D7504681DEE630C000F03CF /* Info.plist */ = {isa = PBXFileReference; lastKnownFileType = text.plist.xml; path = Info.plist; sourceTree = "<group>"; };
		9D75046D1DEE630C000F03CF /* PlanCUITests.xctest */ = {isa = PBXFileReference; explicitFileType = wrapper.cfbundle; includeInIndex = 0; path = PlanCUITests.xctest; sourceTree = BUILT_PRODUCTS_DIR; };
		9D7504711DEE630C000F03CF /* PlanCUITests.swift */ = {isa = PBXFileReference; lastKnownFileType = sourcecode.swift; path = PlanCUITests.swift; sourceTree = "<group>"; };
		9D7504731DEE630C000F03CF /* Info.plist */ = {isa = PBXFileReference; lastKnownFileType = text.plist.xml; path = Info.plist; sourceTree = "<group>"; };
		9D75047F1DEE757C000F03CF /* LogInViewController.swift */ = {isa = PBXFileReference; fileEncoding = 4; lastKnownFileType = sourcecode.swift; path = LogInViewController.swift; sourceTree = "<group>"; };
		9D7504811DEE7592000F03CF /* SignUpViewController.swift */ = {isa = PBXFileReference; fileEncoding = 4; lastKnownFileType = sourcecode.swift; path = SignUpViewController.swift; sourceTree = "<group>"; };
		9D7504831DEE759F000F03CF /* ProfileViewController.swift */ = {isa = PBXFileReference; fileEncoding = 4; lastKnownFileType = sourcecode.swift; path = ProfileViewController.swift; sourceTree = "<group>"; };
		9D7504851DEE75AF000F03CF /* AddAddressViewController.swift */ = {isa = PBXFileReference; fileEncoding = 4; lastKnownFileType = sourcecode.swift; path = AddAddressViewController.swift; sourceTree = "<group>"; };
		9D7504871DEE75BA000F03CF /* AddPaymentViewController.swift */ = {isa = PBXFileReference; fileEncoding = 4; lastKnownFileType = sourcecode.swift; path = AddPaymentViewController.swift; sourceTree = "<group>"; };
		9D7504891DEE75C7000F03CF /* ProductPageViewController.swift */ = {isa = PBXFileReference; fileEncoding = 4; lastKnownFileType = sourcecode.swift; path = ProductPageViewController.swift; sourceTree = "<group>"; };
		9D75048B1DEE75D0000F03CF /* MapViewController.swift */ = {isa = PBXFileReference; fileEncoding = 4; lastKnownFileType = sourcecode.swift; path = MapViewController.swift; sourceTree = "<group>"; };
		9D75048D1DEE75DC000F03CF /* OrderSubmitViewController.swift */ = {isa = PBXFileReference; fileEncoding = 4; lastKnownFileType = sourcecode.swift; path = OrderSubmitViewController.swift; sourceTree = "<group>"; };
		9DDF087A1DFF8D62003D5141 /* AdminTableViewController.swift */ = {isa = PBXFileReference; fileEncoding = 4; lastKnownFileType = sourcecode.swift; path = AdminTableViewController.swift; sourceTree = "<group>"; };
		9DDF087C1DFF8D79003D5141 /* AdminTableViewCell.swift */ = {isa = PBXFileReference; fileEncoding = 4; lastKnownFileType = sourcecode.swift; path = AdminTableViewCell.swift; sourceTree = "<group>"; };
		9DDF087E1DFF8EFB003D5141 /* AdminViewController.swift */ = {isa = PBXFileReference; fileEncoding = 4; lastKnownFileType = sourcecode.swift; path = AdminViewController.swift; sourceTree = "<group>"; };
		9DFACF4E1DF7BEB40015D34B /* PlanC.entitlements */ = {isa = PBXFileReference; lastKnownFileType = text.plist.entitlements; path = PlanC.entitlements; sourceTree = "<group>"; };
		A3082AA71DFE061E0027E5B0 /* Order.swift */ = {isa = PBXFileReference; fileEncoding = 4; lastKnownFileType = sourcecode.swift; path = Order.swift; sourceTree = "<group>"; };
		A3B0D7011DFA398C00651475 /* Inventory.swift */ = {isa = PBXFileReference; fileEncoding = 4; lastKnownFileType = sourcecode.swift; path = Inventory.swift; sourceTree = "<group>"; };
		F2260DAC3F8A354868CB9B7D /* Pods-PlanCTests.debug.xcconfig */ = {isa = PBXFileReference; includeInIndex = 1; lastKnownFileType = text.xcconfig; name = "Pods-PlanCTests.debug.xcconfig"; path = "Pods/Target Support Files/Pods-PlanCTests/Pods-PlanCTests.debug.xcconfig"; sourceTree = "<group>"; };
		FEBA3C730EC84B6F543946E9 /* Pods-PlanC.debug.xcconfig */ = {isa = PBXFileReference; includeInIndex = 1; lastKnownFileType = text.xcconfig; name = "Pods-PlanC.debug.xcconfig"; path = "Pods/Target Support Files/Pods-PlanC/Pods-PlanC.debug.xcconfig"; sourceTree = "<group>"; };
/* End PBXFileReference section */

/* Begin PBXFrameworksBuildPhase section */
		9D75044B1DEE630B000F03CF /* Frameworks */ = {
			isa = PBXFrameworksBuildPhase;
			buildActionMask = 2147483647;
			files = (
				34CCA0E8D9AB94F4C1AD12E2 /* Pods_PlanC.framework in Frameworks */,
			);
			runOnlyForDeploymentPostprocessing = 0;
		};
		9D75045F1DEE630C000F03CF /* Frameworks */ = {
			isa = PBXFrameworksBuildPhase;
			buildActionMask = 2147483647;
			files = (
				242B060762E3242443EE6E6A /* Pods_PlanCTests.framework in Frameworks */,
			);
			runOnlyForDeploymentPostprocessing = 0;
		};
		9D75046A1DEE630C000F03CF /* Frameworks */ = {
			isa = PBXFrameworksBuildPhase;
			buildActionMask = 2147483647;
			files = (
				A03E6049463F039762228688 /* Pods_PlanCUITests.framework in Frameworks */,
			);
			runOnlyForDeploymentPostprocessing = 0;
		};
/* End PBXFrameworksBuildPhase section */

/* Begin PBXGroup section */
		34FDB618E407B0C1A8937416 /* Pods */ = {
			isa = PBXGroup;
			children = (
				FEBA3C730EC84B6F543946E9 /* Pods-PlanC.debug.xcconfig */,
				3D9358002648B6824AF177F0 /* Pods-PlanC.release.xcconfig */,
				F2260DAC3F8A354868CB9B7D /* Pods-PlanCTests.debug.xcconfig */,
				12D4F54F038C613DE6844CFF /* Pods-PlanCTests.release.xcconfig */,
				549AEFD96F3931CBBAC86FD2 /* Pods-PlanCUITests.debug.xcconfig */,
				11C72E30C1D4CB1ED9198896 /* Pods-PlanCUITests.release.xcconfig */,
			);
			name = Pods;
			sourceTree = "<group>";
		};
		9D7504451DEE630B000F03CF = {
			isa = PBXGroup;
			children = (
				9D7504501DEE630C000F03CF /* PlanC */,
				9D7504651DEE630C000F03CF /* PlanCTests */,
				9D7504701DEE630C000F03CF /* PlanCUITests */,
				9D75044F1DEE630C000F03CF /* Products */,
				34FDB618E407B0C1A8937416 /* Pods */,
				AEEF122CBD319199BF648BB0 /* Frameworks */,
			);
			sourceTree = "<group>";
		};
		9D75044F1DEE630C000F03CF /* Products */ = {
			isa = PBXGroup;
			children = (
				9D75044E1DEE630C000F03CF /* PlanC.app */,
				9D7504621DEE630C000F03CF /* PlanCTests.xctest */,
				9D75046D1DEE630C000F03CF /* PlanCUITests.xctest */,
			);
			name = Products;
			sourceTree = "<group>";
		};
		9D7504501DEE630C000F03CF /* PlanC */ = {
			isa = PBXGroup;
			children = (
				9DFACF4E1DF7BEB40015D34B /* PlanC.entitlements */,
				9D7504511DEE630C000F03CF /* AppDelegate.swift */,
				9D75047F1DEE757C000F03CF /* LogInViewController.swift */,
				9D7504811DEE7592000F03CF /* SignUpViewController.swift */,
				9D7504831DEE759F000F03CF /* ProfileViewController.swift */,
				9DDF087A1DFF8D62003D5141 /* AdminTableViewController.swift */,
				9DDF087C1DFF8D79003D5141 /* AdminTableViewCell.swift */,
				9DDF087E1DFF8EFB003D5141 /* AdminViewController.swift */,
				9D7504851DEE75AF000F03CF /* AddAddressViewController.swift */,
				9D7504871DEE75BA000F03CF /* AddPaymentViewController.swift */,
				9D7504891DEE75C7000F03CF /* ProductPageViewController.swift */,
				9D75048B1DEE75D0000F03CF /* MapViewController.swift */,
				9D75048D1DEE75DC000F03CF /* OrderSubmitViewController.swift */,
				6DCBF97A1DF7ABFB00C8578A /* User.swift */,
				A3B0D7011DFA398C00651475 /* Inventory.swift */,
				6D192F7E1DFE03B100C433F4 /* Address.swift */,
				A3082AA71DFE061E0027E5B0 /* Order.swift */,
				6D192F801DFE22E700C433F4 /* Payment.swift */,
				9D7504551DEE630C000F03CF /* Main.storyboard */,
				9D7504581DEE630C000F03CF /* Assets.xcassets */,
				9D75045A1DEE630C000F03CF /* LaunchScreen.storyboard */,
				9D75045D1DEE630C000F03CF /* Info.plist */,
				9D3A710F1DF37F0600750538 /* GoogleService-Info.plist */,
			);
			path = PlanC;
			sourceTree = "<group>";
		};
		9D7504651DEE630C000F03CF /* PlanCTests */ = {
			isa = PBXGroup;
			children = (
				9D7504661DEE630C000F03CF /* PlanCTests.swift */,
				9D7504681DEE630C000F03CF /* Info.plist */,
			);
			path = PlanCTests;
			sourceTree = "<group>";
		};
		9D7504701DEE630C000F03CF /* PlanCUITests */ = {
			isa = PBXGroup;
			children = (
				9D7504711DEE630C000F03CF /* PlanCUITests.swift */,
				9D7504731DEE630C000F03CF /* Info.plist */,
			);
			path = PlanCUITests;
			sourceTree = "<group>";
		};
		AEEF122CBD319199BF648BB0 /* Frameworks */ = {
			isa = PBXGroup;
			children = (
				04321CAD758595F18DF2924E /* Pods_PlanC.framework */,
				6B8872DFDEB38619211D4962 /* Pods_PlanCTests.framework */,
				8621C6A5CB051C8502DC2529 /* Pods_PlanCUITests.framework */,
			);
			name = Frameworks;
			sourceTree = "<group>";
		};
/* End PBXGroup section */

/* Begin PBXNativeTarget section */
		9D75044D1DEE630B000F03CF /* PlanC */ = {
			isa = PBXNativeTarget;
			buildConfigurationList = 9D7504761DEE630C000F03CF /* Build configuration list for PBXNativeTarget "PlanC" */;
			buildPhases = (
				5322B4BE55D9C73D75909DD0 /* [CP] Check Pods Manifest.lock */,
				9D75044A1DEE630B000F03CF /* Sources */,
				9D75044B1DEE630B000F03CF /* Frameworks */,
				9D75044C1DEE630B000F03CF /* Resources */,
				1C9160C5139A1565B56C4A67 /* [CP] Embed Pods Frameworks */,
				CBD83CAEB865240F1EA275CF /* [CP] Copy Pods Resources */,
			);
			buildRules = (
			);
			dependencies = (
			);
			name = PlanC;
			productName = PlanC;
			productReference = 9D75044E1DEE630C000F03CF /* PlanC.app */;
			productType = "com.apple.product-type.application";
		};
		9D7504611DEE630C000F03CF /* PlanCTests */ = {
			isa = PBXNativeTarget;
			buildConfigurationList = 9D7504791DEE630C000F03CF /* Build configuration list for PBXNativeTarget "PlanCTests" */;
			buildPhases = (
				B6E07455AC669C444D9EA982 /* [CP] Check Pods Manifest.lock */,
				9D75045E1DEE630C000F03CF /* Sources */,
				9D75045F1DEE630C000F03CF /* Frameworks */,
				9D7504601DEE630C000F03CF /* Resources */,
				55ADF2EC9C0989EE4097ECC3 /* [CP] Embed Pods Frameworks */,
				FCDF61F5F1E3E003EA8DA94A /* [CP] Copy Pods Resources */,
			);
			buildRules = (
			);
			dependencies = (
				9D7504641DEE630C000F03CF /* PBXTargetDependency */,
			);
			name = PlanCTests;
			productName = PlanCTests;
			productReference = 9D7504621DEE630C000F03CF /* PlanCTests.xctest */;
			productType = "com.apple.product-type.bundle.unit-test";
		};
		9D75046C1DEE630C000F03CF /* PlanCUITests */ = {
			isa = PBXNativeTarget;
			buildConfigurationList = 9D75047C1DEE630C000F03CF /* Build configuration list for PBXNativeTarget "PlanCUITests" */;
			buildPhases = (
				5DF5DFEC86CA7EC567536312 /* [CP] Check Pods Manifest.lock */,
				9D7504691DEE630C000F03CF /* Sources */,
				9D75046A1DEE630C000F03CF /* Frameworks */,
				9D75046B1DEE630C000F03CF /* Resources */,
				1D0CD76304335A6ABDD65D49 /* [CP] Embed Pods Frameworks */,
				ADE03758CE30B3C75A9DEF60 /* [CP] Copy Pods Resources */,
			);
			buildRules = (
			);
			dependencies = (
				9D75046F1DEE630C000F03CF /* PBXTargetDependency */,
			);
			name = PlanCUITests;
			productName = PlanCUITests;
			productReference = 9D75046D1DEE630C000F03CF /* PlanCUITests.xctest */;
			productType = "com.apple.product-type.bundle.ui-testing";
		};
/* End PBXNativeTarget section */

/* Begin PBXProject section */
		9D7504461DEE630B000F03CF /* Project object */ = {
			isa = PBXProject;
			attributes = {
				LastSwiftUpdateCheck = 0800;
				LastUpgradeCheck = 0810;
				ORGANIZATIONNAME = PlanB;
				TargetAttributes = {
					9D75044D1DEE630B000F03CF = {
						CreatedOnToolsVersion = 8.0;
						DevelopmentTeam = 2T83Y4EEA6;
						ProvisioningStyle = Automatic;
						SystemCapabilities = {
							com.apple.Keychain = {
								enabled = 1;
							};
						};
					};
					9D7504611DEE630C000F03CF = {
						CreatedOnToolsVersion = 8.0;
						ProvisioningStyle = Automatic;
						TestTargetID = 9D75044D1DEE630B000F03CF;
					};
					9D75046C1DEE630C000F03CF = {
						CreatedOnToolsVersion = 8.0;
						ProvisioningStyle = Automatic;
						TestTargetID = 9D75044D1DEE630B000F03CF;
					};
				};
			};
			buildConfigurationList = 9D7504491DEE630B000F03CF /* Build configuration list for PBXProject "PlanC" */;
			compatibilityVersion = "Xcode 3.2";
			developmentRegion = English;
			hasScannedForEncodings = 0;
			knownRegions = (
				en,
				Base,
			);
			mainGroup = 9D7504451DEE630B000F03CF;
			productRefGroup = 9D75044F1DEE630C000F03CF /* Products */;
			projectDirPath = "";
			projectRoot = "";
			targets = (
				9D75044D1DEE630B000F03CF /* PlanC */,
				9D7504611DEE630C000F03CF /* PlanCTests */,
				9D75046C1DEE630C000F03CF /* PlanCUITests */,
			);
		};
/* End PBXProject section */

/* Begin PBXResourcesBuildPhase section */
		9D75044C1DEE630B000F03CF /* Resources */ = {
			isa = PBXResourcesBuildPhase;
			buildActionMask = 2147483647;
			files = (
				9D75045C1DEE630C000F03CF /* LaunchScreen.storyboard in Resources */,
				9D3A71101DF37F0600750538 /* GoogleService-Info.plist in Resources */,
				9D7504591DEE630C000F03CF /* Assets.xcassets in Resources */,
				9D7504571DEE630C000F03CF /* Main.storyboard in Resources */,
			);
			runOnlyForDeploymentPostprocessing = 0;
		};
		9D7504601DEE630C000F03CF /* Resources */ = {
			isa = PBXResourcesBuildPhase;
			buildActionMask = 2147483647;
			files = (
			);
			runOnlyForDeploymentPostprocessing = 0;
		};
		9D75046B1DEE630C000F03CF /* Resources */ = {
			isa = PBXResourcesBuildPhase;
			buildActionMask = 2147483647;
			files = (
			);
			runOnlyForDeploymentPostprocessing = 0;
		};
/* End PBXResourcesBuildPhase section */

/* Begin PBXShellScriptBuildPhase section */
		1C9160C5139A1565B56C4A67 /* [CP] Embed Pods Frameworks */ = {
			isa = PBXShellScriptBuildPhase;
			buildActionMask = 2147483647;
			files = (
			);
			inputPaths = (
			);
			name = "[CP] Embed Pods Frameworks";
			outputPaths = (
			);
			runOnlyForDeploymentPostprocessing = 0;
			shellPath = /bin/sh;
			shellScript = "\"${SRCROOT}/Pods/Target Support Files/Pods-PlanC/Pods-PlanC-frameworks.sh\"\n";
			showEnvVarsInLog = 0;
		};
		1D0CD76304335A6ABDD65D49 /* [CP] Embed Pods Frameworks */ = {
			isa = PBXShellScriptBuildPhase;
			buildActionMask = 2147483647;
			files = (
			);
			inputPaths = (
			);
			name = "[CP] Embed Pods Frameworks";
			outputPaths = (
			);
			runOnlyForDeploymentPostprocessing = 0;
			shellPath = /bin/sh;
			shellScript = "\"${SRCROOT}/Pods/Target Support Files/Pods-PlanCUITests/Pods-PlanCUITests-frameworks.sh\"\n";
			showEnvVarsInLog = 0;
		};
		5322B4BE55D9C73D75909DD0 /* [CP] Check Pods Manifest.lock */ = {
			isa = PBXShellScriptBuildPhase;
			buildActionMask = 2147483647;
			files = (
			);
			inputPaths = (
			);
			name = "[CP] Check Pods Manifest.lock";
			outputPaths = (
			);
			runOnlyForDeploymentPostprocessing = 0;
			shellPath = /bin/sh;
			shellScript = "diff \"${PODS_ROOT}/../Podfile.lock\" \"${PODS_ROOT}/Manifest.lock\" > /dev/null\nif [ $? != 0 ] ; then\n    # print error to STDERR\n    echo \"error: The sandbox is not in sync with the Podfile.lock. Run 'pod install' or update your CocoaPods installation.\" >&2\n    exit 1\nfi\n";
			showEnvVarsInLog = 0;
		};
		55ADF2EC9C0989EE4097ECC3 /* [CP] Embed Pods Frameworks */ = {
			isa = PBXShellScriptBuildPhase;
			buildActionMask = 2147483647;
			files = (
			);
			inputPaths = (
			);
			name = "[CP] Embed Pods Frameworks";
			outputPaths = (
			);
			runOnlyForDeploymentPostprocessing = 0;
			shellPath = /bin/sh;
			shellScript = "\"${SRCROOT}/Pods/Target Support Files/Pods-PlanCTests/Pods-PlanCTests-frameworks.sh\"\n";
			showEnvVarsInLog = 0;
		};
		5DF5DFEC86CA7EC567536312 /* [CP] Check Pods Manifest.lock */ = {
			isa = PBXShellScriptBuildPhase;
			buildActionMask = 2147483647;
			files = (
			);
			inputPaths = (
			);
			name = "[CP] Check Pods Manifest.lock";
			outputPaths = (
			);
			runOnlyForDeploymentPostprocessing = 0;
			shellPath = /bin/sh;
			shellScript = "diff \"${PODS_ROOT}/../Podfile.lock\" \"${PODS_ROOT}/Manifest.lock\" > /dev/null\nif [ $? != 0 ] ; then\n    # print error to STDERR\n    echo \"error: The sandbox is not in sync with the Podfile.lock. Run 'pod install' or update your CocoaPods installation.\" >&2\n    exit 1\nfi\n";
			showEnvVarsInLog = 0;
		};
		ADE03758CE30B3C75A9DEF60 /* [CP] Copy Pods Resources */ = {
			isa = PBXShellScriptBuildPhase;
			buildActionMask = 2147483647;
			files = (
			);
			inputPaths = (
			);
			name = "[CP] Copy Pods Resources";
			outputPaths = (
			);
			runOnlyForDeploymentPostprocessing = 0;
			shellPath = /bin/sh;
			shellScript = "\"${SRCROOT}/Pods/Target Support Files/Pods-PlanCUITests/Pods-PlanCUITests-resources.sh\"\n";
			showEnvVarsInLog = 0;
		};
		B6E07455AC669C444D9EA982 /* [CP] Check Pods Manifest.lock */ = {
			isa = PBXShellScriptBuildPhase;
			buildActionMask = 2147483647;
			files = (
			);
			inputPaths = (
			);
			name = "[CP] Check Pods Manifest.lock";
			outputPaths = (
			);
			runOnlyForDeploymentPostprocessing = 0;
			shellPath = /bin/sh;
			shellScript = "diff \"${PODS_ROOT}/../Podfile.lock\" \"${PODS_ROOT}/Manifest.lock\" > /dev/null\nif [ $? != 0 ] ; then\n    # print error to STDERR\n    echo \"error: The sandbox is not in sync with the Podfile.lock. Run 'pod install' or update your CocoaPods installation.\" >&2\n    exit 1\nfi\n";
			showEnvVarsInLog = 0;
		};
		CBD83CAEB865240F1EA275CF /* [CP] Copy Pods Resources */ = {
			isa = PBXShellScriptBuildPhase;
			buildActionMask = 2147483647;
			files = (
			);
			inputPaths = (
			);
			name = "[CP] Copy Pods Resources";
			outputPaths = (
			);
			runOnlyForDeploymentPostprocessing = 0;
			shellPath = /bin/sh;
			shellScript = "\"${SRCROOT}/Pods/Target Support Files/Pods-PlanC/Pods-PlanC-resources.sh\"\n";
			showEnvVarsInLog = 0;
		};
		FCDF61F5F1E3E003EA8DA94A /* [CP] Copy Pods Resources */ = {
			isa = PBXShellScriptBuildPhase;
			buildActionMask = 2147483647;
			files = (
			);
			inputPaths = (
			);
			name = "[CP] Copy Pods Resources";
			outputPaths = (
			);
			runOnlyForDeploymentPostprocessing = 0;
			shellPath = /bin/sh;
			shellScript = "\"${SRCROOT}/Pods/Target Support Files/Pods-PlanCTests/Pods-PlanCTests-resources.sh\"\n";
			showEnvVarsInLog = 0;
		};
/* End PBXShellScriptBuildPhase section */

/* Begin PBXSourcesBuildPhase section */
		9D75044A1DEE630B000F03CF /* Sources */ = {
			isa = PBXSourcesBuildPhase;
			buildActionMask = 2147483647;
			files = (
				9DDF087F1DFF8EFB003D5141 /* AdminViewController.swift in Sources */,
				A3B0D7021DFA398C00651475 /* Inventory.swift in Sources */,
				6D192F7F1DFE03B100C433F4 /* Address.swift in Sources */,
				9D75048E1DEE75DC000F03CF /* OrderSubmitViewController.swift in Sources */,
				6D192F811DFE22E700C433F4 /* Payment.swift in Sources */,
				9D7504521DEE630C000F03CF /* AppDelegate.swift in Sources */,
				9D7504841DEE759F000F03CF /* ProfileViewController.swift in Sources */,
				9D7504821DEE7592000F03CF /* SignUpViewController.swift in Sources */,
				9D75048C1DEE75D0000F03CF /* MapViewController.swift in Sources */,
				9DDF087B1DFF8D62003D5141 /* AdminTableViewController.swift in Sources */,
				9DDF087D1DFF8D79003D5141 /* AdminTableViewCell.swift in Sources */,
				9D7504801DEE757C000F03CF /* LogInViewController.swift in Sources */,
				9D7504881DEE75BA000F03CF /* AddPaymentViewController.swift in Sources */,
				9D7504861DEE75AF000F03CF /* AddAddressViewController.swift in Sources */,
				A3082AA81DFE061E0027E5B0 /* Order.swift in Sources */,
				9D75048A1DEE75C7000F03CF /* ProductPageViewController.swift in Sources */,
				6DCBF97B1DF7ABFB00C8578A /* User.swift in Sources */,
			);
			runOnlyForDeploymentPostprocessing = 0;
		};
		9D75045E1DEE630C000F03CF /* Sources */ = {
			isa = PBXSourcesBuildPhase;
			buildActionMask = 2147483647;
			files = (
				9D7504671DEE630C000F03CF /* PlanCTests.swift in Sources */,
			);
			runOnlyForDeploymentPostprocessing = 0;
		};
		9D7504691DEE630C000F03CF /* Sources */ = {
			isa = PBXSourcesBuildPhase;
			buildActionMask = 2147483647;
			files = (
				9D7504721DEE630C000F03CF /* PlanCUITests.swift in Sources */,
			);
			runOnlyForDeploymentPostprocessing = 0;
		};
/* End PBXSourcesBuildPhase section */

/* Begin PBXTargetDependency section */
		9D7504641DEE630C000F03CF /* PBXTargetDependency */ = {
			isa = PBXTargetDependency;
			target = 9D75044D1DEE630B000F03CF /* PlanC */;
			targetProxy = 9D7504631DEE630C000F03CF /* PBXContainerItemProxy */;
		};
		9D75046F1DEE630C000F03CF /* PBXTargetDependency */ = {
			isa = PBXTargetDependency;
			target = 9D75044D1DEE630B000F03CF /* PlanC */;
			targetProxy = 9D75046E1DEE630C000F03CF /* PBXContainerItemProxy */;
		};
/* End PBXTargetDependency section */

/* Begin PBXVariantGroup section */
		9D7504551DEE630C000F03CF /* Main.storyboard */ = {
			isa = PBXVariantGroup;
			children = (
				9D7504561DEE630C000F03CF /* Base */,
			);
			name = Main.storyboard;
			sourceTree = "<group>";
		};
		9D75045A1DEE630C000F03CF /* LaunchScreen.storyboard */ = {
			isa = PBXVariantGroup;
			children = (
				9D75045B1DEE630C000F03CF /* Base */,
			);
			name = LaunchScreen.storyboard;
			sourceTree = "<group>";
		};
/* End PBXVariantGroup section */

/* Begin XCBuildConfiguration section */
		9D7504741DEE630C000F03CF /* Debug */ = {
			isa = XCBuildConfiguration;
			buildSettings = {
				ALWAYS_SEARCH_USER_PATHS = NO;
				CLANG_ANALYZER_NONNULL = YES;
				CLANG_CXX_LANGUAGE_STANDARD = "gnu++0x";
				CLANG_CXX_LIBRARY = "libc++";
				CLANG_ENABLE_MODULES = YES;
				CLANG_ENABLE_OBJC_ARC = YES;
				CLANG_WARN_BOOL_CONVERSION = YES;
				CLANG_WARN_CONSTANT_CONVERSION = YES;
				CLANG_WARN_DIRECT_OBJC_ISA_USAGE = YES_ERROR;
				CLANG_WARN_DOCUMENTATION_COMMENTS = YES;
				CLANG_WARN_EMPTY_BODY = YES;
				CLANG_WARN_ENUM_CONVERSION = YES;
				CLANG_WARN_INFINITE_RECURSION = YES;
				CLANG_WARN_INT_CONVERSION = YES;
				CLANG_WARN_OBJC_ROOT_CLASS = YES_ERROR;
				CLANG_WARN_SUSPICIOUS_MOVE = YES;
				CLANG_WARN_SUSPICIOUS_MOVES = YES;
				CLANG_WARN_UNREACHABLE_CODE = YES;
				CLANG_WARN__DUPLICATE_METHOD_MATCH = YES;
				"CODE_SIGN_IDENTITY[sdk=iphoneos*]" = "iPhone Developer";
				COPY_PHASE_STRIP = NO;
				DEBUG_INFORMATION_FORMAT = dwarf;
				ENABLE_STRICT_OBJC_MSGSEND = YES;
				ENABLE_TESTABILITY = YES;
				GCC_C_LANGUAGE_STANDARD = gnu99;
				GCC_DYNAMIC_NO_PIC = NO;
				GCC_NO_COMMON_BLOCKS = YES;
				GCC_OPTIMIZATION_LEVEL = 0;
				GCC_PREPROCESSOR_DEFINITIONS = (
					"DEBUG=1",
					"$(inherited)",
				);
				GCC_WARN_64_TO_32_BIT_CONVERSION = YES;
				GCC_WARN_ABOUT_RETURN_TYPE = YES_ERROR;
				GCC_WARN_UNDECLARED_SELECTOR = YES;
				GCC_WARN_UNINITIALIZED_AUTOS = YES_AGGRESSIVE;
				GCC_WARN_UNUSED_FUNCTION = YES;
				GCC_WARN_UNUSED_VARIABLE = YES;
				IPHONEOS_DEPLOYMENT_TARGET = 10.0;
				MTL_ENABLE_DEBUG_INFO = YES;
				ONLY_ACTIVE_ARCH = YES;
				SDKROOT = iphoneos;
				SWIFT_ACTIVE_COMPILATION_CONDITIONS = DEBUG;
				SWIFT_OPTIMIZATION_LEVEL = "-Onone";
				TARGETED_DEVICE_FAMILY = "1,2";
			};
			name = Debug;
		};
		9D7504751DEE630C000F03CF /* Release */ = {
			isa = XCBuildConfiguration;
			buildSettings = {
				ALWAYS_SEARCH_USER_PATHS = NO;
				CLANG_ANALYZER_NONNULL = YES;
				CLANG_CXX_LANGUAGE_STANDARD = "gnu++0x";
				CLANG_CXX_LIBRARY = "libc++";
				CLANG_ENABLE_MODULES = YES;
				CLANG_ENABLE_OBJC_ARC = YES;
				CLANG_WARN_BOOL_CONVERSION = YES;
				CLANG_WARN_CONSTANT_CONVERSION = YES;
				CLANG_WARN_DIRECT_OBJC_ISA_USAGE = YES_ERROR;
				CLANG_WARN_DOCUMENTATION_COMMENTS = YES;
				CLANG_WARN_EMPTY_BODY = YES;
				CLANG_WARN_ENUM_CONVERSION = YES;
				CLANG_WARN_INFINITE_RECURSION = YES;
				CLANG_WARN_INT_CONVERSION = YES;
				CLANG_WARN_OBJC_ROOT_CLASS = YES_ERROR;
				CLANG_WARN_SUSPICIOUS_MOVE = YES;
				CLANG_WARN_SUSPICIOUS_MOVES = YES;
				CLANG_WARN_UNREACHABLE_CODE = YES;
				CLANG_WARN__DUPLICATE_METHOD_MATCH = YES;
				"CODE_SIGN_IDENTITY[sdk=iphoneos*]" = "iPhone Developer";
				COPY_PHASE_STRIP = NO;
				DEBUG_INFORMATION_FORMAT = "dwarf-with-dsym";
				ENABLE_NS_ASSERTIONS = NO;
				ENABLE_STRICT_OBJC_MSGSEND = YES;
				GCC_C_LANGUAGE_STANDARD = gnu99;
				GCC_NO_COMMON_BLOCKS = YES;
				GCC_WARN_64_TO_32_BIT_CONVERSION = YES;
				GCC_WARN_ABOUT_RETURN_TYPE = YES_ERROR;
				GCC_WARN_UNDECLARED_SELECTOR = YES;
				GCC_WARN_UNINITIALIZED_AUTOS = YES_AGGRESSIVE;
				GCC_WARN_UNUSED_FUNCTION = YES;
				GCC_WARN_UNUSED_VARIABLE = YES;
				IPHONEOS_DEPLOYMENT_TARGET = 10.0;
				MTL_ENABLE_DEBUG_INFO = NO;
				SDKROOT = iphoneos;
				SWIFT_OPTIMIZATION_LEVEL = "-Owholemodule";
				TARGETED_DEVICE_FAMILY = "1,2";
				VALIDATE_PRODUCT = YES;
			};
			name = Release;
		};
		9D7504771DEE630C000F03CF /* Debug */ = {
			isa = XCBuildConfiguration;
			baseConfigurationReference = FEBA3C730EC84B6F543946E9 /* Pods-PlanC.debug.xcconfig */;
			buildSettings = {
				ASSETCATALOG_COMPILER_APPICON_NAME = AppIcon;
				CODE_SIGN_ENTITLEMENTS = PlanC/PlanC.entitlements;
				DEVELOPMENT_TEAM = 2T83Y4EEA6;
				INFOPLIST_FILE = PlanC/Info.plist;
				LD_RUNPATH_SEARCH_PATHS = "$(inherited) @executable_path/Frameworks";
				PRODUCT_BUNDLE_IDENTIFIER = com.PlanB.PlanC;
				PRODUCT_NAME = "$(TARGET_NAME)";
				SWIFT_VERSION = 3.0;
			};
			name = Debug;
		};
		9D7504781DEE630C000F03CF /* Release */ = {
			isa = XCBuildConfiguration;
			baseConfigurationReference = 3D9358002648B6824AF177F0 /* Pods-PlanC.release.xcconfig */;
			buildSettings = {
				ASSETCATALOG_COMPILER_APPICON_NAME = AppIcon;
				CODE_SIGN_ENTITLEMENTS = PlanC/PlanC.entitlements;
				DEVELOPMENT_TEAM = 2T83Y4EEA6;
				INFOPLIST_FILE = PlanC/Info.plist;
				LD_RUNPATH_SEARCH_PATHS = "$(inherited) @executable_path/Frameworks";
				PRODUCT_BUNDLE_IDENTIFIER = com.PlanB.PlanC;
				PRODUCT_NAME = "$(TARGET_NAME)";
				SWIFT_VERSION = 3.0;
			};
			name = Release;
		};
		9D75047A1DEE630C000F03CF /* Debug */ = {
			isa = XCBuildConfiguration;
			baseConfigurationReference = F2260DAC3F8A354868CB9B7D /* Pods-PlanCTests.debug.xcconfig */;
			buildSettings = {
				ALWAYS_EMBED_SWIFT_STANDARD_LIBRARIES = YES;
				BUNDLE_LOADER = "$(TEST_HOST)";
				INFOPLIST_FILE = PlanCTests/Info.plist;
				LD_RUNPATH_SEARCH_PATHS = "$(inherited) @executable_path/Frameworks @loader_path/Frameworks";
				PRODUCT_BUNDLE_IDENTIFIER = com.PlanB.PlanCTests;
				PRODUCT_NAME = "$(TARGET_NAME)";
				SWIFT_VERSION = 3.0;
				TEST_HOST = "$(BUILT_PRODUCTS_DIR)/PlanC.app/PlanC";
			};
			name = Debug;
		};
		9D75047B1DEE630C000F03CF /* Release */ = {
			isa = XCBuildConfiguration;
			baseConfigurationReference = 12D4F54F038C613DE6844CFF /* Pods-PlanCTests.release.xcconfig */;
			buildSettings = {
				ALWAYS_EMBED_SWIFT_STANDARD_LIBRARIES = YES;
				BUNDLE_LOADER = "$(TEST_HOST)";
				INFOPLIST_FILE = PlanCTests/Info.plist;
				LD_RUNPATH_SEARCH_PATHS = "$(inherited) @executable_path/Frameworks @loader_path/Frameworks";
				PRODUCT_BUNDLE_IDENTIFIER = com.PlanB.PlanCTests;
				PRODUCT_NAME = "$(TARGET_NAME)";
				SWIFT_VERSION = 3.0;
				TEST_HOST = "$(BUILT_PRODUCTS_DIR)/PlanC.app/PlanC";
			};
			name = Release;
		};
		9D75047D1DEE630C000F03CF /* Debug */ = {
			isa = XCBuildConfiguration;
			baseConfigurationReference = 549AEFD96F3931CBBAC86FD2 /* Pods-PlanCUITests.debug.xcconfig */;
			buildSettings = {
				ALWAYS_EMBED_SWIFT_STANDARD_LIBRARIES = YES;
				INFOPLIST_FILE = PlanCUITests/Info.plist;
				LD_RUNPATH_SEARCH_PATHS = "$(inherited) @executable_path/Frameworks @loader_path/Frameworks";
				PRODUCT_BUNDLE_IDENTIFIER = com.PlanB.PlanCUITests;
				PRODUCT_NAME = "$(TARGET_NAME)";
				SWIFT_VERSION = 3.0;
				TEST_TARGET_NAME = PlanC;
			};
			name = Debug;
		};
		9D75047E1DEE630C000F03CF /* Release */ = {
			isa = XCBuildConfiguration;
			baseConfigurationReference = 11C72E30C1D4CB1ED9198896 /* Pods-PlanCUITests.release.xcconfig */;
			buildSettings = {
				ALWAYS_EMBED_SWIFT_STANDARD_LIBRARIES = YES;
				INFOPLIST_FILE = PlanCUITests/Info.plist;
				LD_RUNPATH_SEARCH_PATHS = "$(inherited) @executable_path/Frameworks @loader_path/Frameworks";
				PRODUCT_BUNDLE_IDENTIFIER = com.PlanB.PlanCUITests;
				PRODUCT_NAME = "$(TARGET_NAME)";
				SWIFT_VERSION = 3.0;
				TEST_TARGET_NAME = PlanC;
			};
			name = Release;
		};
/* End XCBuildConfiguration section */

/* Begin XCConfigurationList section */
		9D7504491DEE630B000F03CF /* Build configuration list for PBXProject "PlanC" */ = {
			isa = XCConfigurationList;
			buildConfigurations = (
				9D7504741DEE630C000F03CF /* Debug */,
				9D7504751DEE630C000F03CF /* Release */,
			);
			defaultConfigurationIsVisible = 0;
			defaultConfigurationName = Release;
		};
		9D7504761DEE630C000F03CF /* Build configuration list for PBXNativeTarget "PlanC" */ = {
			isa = XCConfigurationList;
			buildConfigurations = (
				9D7504771DEE630C000F03CF /* Debug */,
				9D7504781DEE630C000F03CF /* Release */,
			);
			defaultConfigurationIsVisible = 0;
			defaultConfigurationName = Release;
		};
		9D7504791DEE630C000F03CF /* Build configuration list for PBXNativeTarget "PlanCTests" */ = {
			isa = XCConfigurationList;
			buildConfigurations = (
				9D75047A1DEE630C000F03CF /* Debug */,
				9D75047B1DEE630C000F03CF /* Release */,
			);
			defaultConfigurationIsVisible = 0;
			defaultConfigurationName = Release;
		};
		9D75047C1DEE630C000F03CF /* Build configuration list for PBXNativeTarget "PlanCUITests" */ = {
			isa = XCConfigurationList;
			buildConfigurations = (
				9D75047D1DEE630C000F03CF /* Debug */,
				9D75047E1DEE630C000F03CF /* Release */,
			);
			defaultConfigurationIsVisible = 0;
			defaultConfigurationName = Release;
		};
/* End XCConfigurationList section */
	};
	rootObject = 9D7504461DEE630B000F03CF /* Project object */;
}
